Microsoft Visual Studio Solution File, Format Version 12.00
# Visual Studio 15
VisualStudioVersion = 15.0.26020.0
MinimumVisualStudioVersion = 10.0.40219.1
Project("{FAE04EC0-301F-11D3-BF4B-00C04F79EFBC}") = "Eternals WebBrowser", "Eternals WebBrowser.csproj", "{985023A5-51C3-4A9C-A057-9D1E85B5A2F9}"
EndProject
Global
	GlobalSection(SolutionConfigurationPlatforms) = preSolution
		Debug|Any CPU = Debug|Any CPU
		Release|Any CPU = Release|Any CPU
	EndGlobalSection
	GlobalSection(ProjectConfigurationPlatforms) = postSolution
		{985023A5-51C3-4A9C-A057-9D1E85B5A2F9}.Debug|Any CPU.ActiveCfg = Debug|Any CPU
		{985023A5-51C3-4A9C-A057-9D1E85B5A2F9}.Debug|Any CPU.Build.0 = Debug|Any CPU
		{985023A5-51C3-4A9C-A057-9D1E85B5A2F9}.Release|Any CPU.ActiveCfg = Release|Any CPU
		{985023A5-51C3-4A9C-A057-9D1E85B5A2F9}.Release|Any CPU.Build.0 = Release|Any CPU
	EndGlobalSection
	GlobalSection(SolutionProperties) = preSolution
		HideSolutionNode = FALSE
	EndGlobalSection
EndGlobal
